
Microsoft Visual Studio Solution File, Format Version 12.00
# Visual Studio Version 17
VisualStudioVersion = 17.14.36414.22 d17.14
MinimumVisualStudioVersion = 10.0.40219.1
Project("{FAE04EC0-301F-11D3-BF4B-00C04F79EFBC}") = "Lab5-part2", "Lab5-part2.csproj", "{7B56B554-19FF-41A7-8715-A41D645D4723}"
EndProject
Global
	GlobalSection(SolutionConfigurationPlatforms) = preSolution
		Debug|Any CPU = Debug|Any CPU
		Release|Any CPU = Release|Any CPU
	EndGlobalSection
	GlobalSection(ProjectConfigurationPlatforms) = postSolution
		{7B56B554-19FF-41A7-8715-A41D645D4723}.Debug|Any CPU.ActiveCfg = Debug|Any CPU
		{7B56B554-19FF-41A7-8715-A41D645D4723}.Debug|Any CPU.Build.0 = Debug|Any CPU
		{7B56B554-19FF-41A7-8715-A41D645D4723}.Release|Any CPU.ActiveCfg = Release|Any CPU
		{7B56B554-19FF-41A7-8715-A41D645D4723}.Release|Any CPU.Build.0 = Release|Any CPU
	EndGlobalSection
	GlobalSection(SolutionProperties) = preSolution
		HideSolutionNode = FALSE
	EndGlobalSection
	GlobalSection(ExtensibilityGlobals) = postSolution
		SolutionGuid = {5B2055C7-988F-4244-8D03-7973FEDF58FE}
	EndGlobalSection
EndGlobal
